// !$*UTF8*$!
{
	archiveVersion = 1;
	classes = {
	};
	objectVersion = 46;
	objects = {

/* Begin PBXBuildFile section */
		A02E069B19C3D8AD0059235D /* Foundation.framework in Frameworks */ = {isa = PBXBuildFile; fileRef = A02E069A19C3D8AD0059235D /* Foundation.framework */; };
		A02E069D19C3D8AD0059235D /* CoreGraphics.framework in Frameworks */ = {isa = PBXBuildFile; fileRef = A02E069C19C3D8AD0059235D /* CoreGraphics.framework */; };
		A02E069F19C3D8AD0059235D /* UIKit.framework in Frameworks */ = {isa = PBXBuildFile; fileRef = A02E069E19C3D8AD0059235D /* UIKit.framework */; };
		A02E06A519C3D8AD0059235D /* InfoPlist.strings in Resources */ = {isa = PBXBuildFile; fileRef = A02E06A319C3D8AD0059235D /* InfoPlist.strings */; };
		A02E06A719C3D8AD0059235D /* main.m in Sources */ = {isa = PBXBuildFile; fileRef = A02E06A619C3D8AD0059235D /* main.m */; };
		A02E06AB19C3D8AD0059235D /* AppDelegate.m in Sources */ = {isa = PBXBuildFile; fileRef = A02E06AA19C3D8AD0059235D /* AppDelegate.m */; };
		A02E06AD19C3D8AD0059235D /* Images.xcassets in Resources */ = {isa = PBXBuildFile; fileRef = A02E06AC19C3D8AD0059235D /* Images.xcassets */; };
		A02E06B419C3D8AD0059235D /* XCTest.framework in Frameworks */ = {isa = PBXBuildFile; fileRef = A02E06B319C3D8AD0059235D /* XCTest.framework */; };
		A02E06B519C3D8AD0059235D /* Foundation.framework in Frameworks */ = {isa = PBXBuildFile; fileRef = A02E069A19C3D8AD0059235D /* Foundation.framework */; };
		A02E06B619C3D8AD0059235D /* UIKit.framework in Frameworks */ = {isa = PBXBuildFile; fileRef = A02E069E19C3D8AD0059235D /* UIKit.framework */; };
		A02E06BE19C3D8AD0059235D /* InfoPlist.strings in Resources */ = {isa = PBXBuildFile; fileRef = A02E06BC19C3D8AD0059235D /* InfoPlist.strings */; };
		A02E06C019C3D8AD0059235D /* JiaKeBTests.m in Sources */ = {isa = PBXBuildFile; fileRef = A02E06BF19C3D8AD0059235D /* JiaKeBTests.m */; };
/* End PBXBuildFile section */

/* Begin PBXContainerItemProxy section */
		A02E06B719C3D8AD0059235D /* PBXContainerItemProxy */ = {
			isa = PBXContainerItemProxy;
			containerPortal = A02E068F19C3D8AD0059235D /* Project object */;
			proxyType = 1;
			remoteGlobalIDString = A02E069619C3D8AD0059235D;
			remoteInfo = JiaKeB;
		};
/* End PBXContainerItemProxy section */

/* Begin PBXFileReference section */
		A02E069719C3D8AD0059235D /* JiaKeB.app */ = {isa = PBXFileReference; explicitFileType = wrapper.application; includeInIndex = 0; path = JiaKeB.app; sourceTree = BUILT_PRODUCTS_DIR; };
		A02E069A19C3D8AD0059235D /* Foundation.framework */ = {isa = PBXFileReference; lastKnownFileType = wrapper.framework; name = Foundation.framework; path = System/Library/Frameworks/Foundation.framework; sourceTree = SDKROOT; };
		A02E069C19C3D8AD0059235D /* CoreGraphics.framework */ = {isa = PBXFileReference; lastKnownFileType = wrapper.framework; name = CoreGraphics.framework; path = System/Library/Frameworks/CoreGraphics.framework; sourceTree = SDKROOT; };
		A02E069E19C3D8AD0059235D /* UIKit.framework */ = {isa = PBXFileReference; lastKnownFileType = wrapper.framework; name = UIKit.framework; path = System/Library/Frameworks/UIKit.framework; sourceTree = SDKROOT; };
		A02E06A219C3D8AD0059235D /* JiaKeB-Info.plist */ = {isa = PBXFileReference; lastKnownFileType = text.plist.xml; path = "JiaKeB-Info.plist"; sourceTree = "<group>"; };
		A02E06A419C3D8AD0059235D /* en */ = {isa = PBXFileReference; lastKnownFileType = text.plist.strings; name = en; path = en.lproj/InfoPlist.strings; sourceTree = "<group>"; };
		A02E06A619C3D8AD0059235D /* main.m */ = {isa = PBXFileReference; lastKnownFileType = sourcecode.c.objc; path = main.m; sourceTree = "<group>"; };
		A02E06A819C3D8AD0059235D /* JiaKeB-Prefix.pch */ = {isa = PBXFileReference; lastKnownFileType = sourcecode.c.h; path = "JiaKeB-Prefix.pch"; sourceTree = "<group>"; };
		A02E06A919C3D8AD0059235D /* AppDelegate.h */ = {isa = PBXFileReference; lastKnownFileType = sourcecode.c.h; path = AppDelegate.h; sourceTree = "<group>"; };
		A02E06AA19C3D8AD0059235D /* AppDelegate.m */ = {isa = PBXFileReference; lastKnownFileType = sourcecode.c.objc; path = AppDelegate.m; sourceTree = "<group>"; };
		A02E06AC19C3D8AD0059235D /* Images.xcassets */ = {isa = PBXFileReference; lastKnownFileType = folder.assetcatalog; path = Images.xcassets; sourceTree = "<group>"; };
		A02E06B219C3D8AD0059235D /* JiaKeBTests.xctest */ = {isa = PBXFileReference; explicitFileType = wrapper.cfbundle; includeInIndex = 0; path = JiaKeBTests.xctest; sourceTree = BUILT_PRODUCTS_DIR; };
		A02E06B319C3D8AD0059235D /* XCTest.framework */ = {isa = PBXFileReference; lastKnownFileType = wrapper.framework; name = XCTest.framework; path = Library/Frameworks/XCTest.framework; sourceTree = DEVELOPER_DIR; };
		A02E06BB19C3D8AD0059235D /* JiaKeBTests-Info.plist */ = {isa = PBXFileReference; lastKnownFileType = text.plist.xml; path = "JiaKeBTests-Info.plist"; sourceTree = "<group>"; };
		A02E06BD19C3D8AD0059235D /* en */ = {isa = PBXFileReference; lastKnownFileType = text.plist.strings; name = en; path = en.lproj/InfoPlist.strings; sourceTree = "<group>"; };
		A02E06BF19C3D8AD0059235D /* JiaKeBTests.m */ = {isa = PBXFileReference; lastKnownFileType = sourcecode.c.objc; path = JiaKeBTests.m; sourceTree = "<group>"; };
/* End PBXFileReference section */

/* Begin PBXFrameworksBuildPhase section */
		A02E069419C3D8AD0059235D /* Frameworks */ = {
			isa = PBXFrameworksBuildPhase;
			buildActionMask = 2147483647;
			files = (
				A02E069D19C3D8AD0059235D /* CoreGraphics.framework in Frameworks */,
				A02E069F19C3D8AD0059235D /* UIKit.framework in Frameworks */,
				A02E069B19C3D8AD0059235D /* Foundation.framework in Frameworks */,
			);
			runOnlyForDeploymentPostprocessing = 0;
		};
		A02E06AF19C3D8AD0059235D /* Frameworks */ = {
			isa = PBXFrameworksBuildPhase;
			buildActionMask = 2147483647;
			files = (
				A02E06B419C3D8AD0059235D /* XCTest.framework in Frameworks */,
				A02E06B619C3D8AD0059235D /* UIKit.framework in Frameworks */,
				A02E06B519C3D8AD0059235D /* Foundation.framework in Frameworks */,
			);
			runOnlyForDeploymentPostprocessing = 0;
		};
/* End PBXFrameworksBuildPhase section */

/* Begin PBXGroup section */
		A02E068E19C3D8AD0059235D = {
			isa = PBXGroup;
			children = (
				A02E06A019C3D8AD0059235D /* JiaKeB */,
				A02E06B919C3D8AD0059235D /* JiaKeBTests */,
				A02E069919C3D8AD0059235D /* Frameworks */,
				A02E069819C3D8AD0059235D /* Products */,
			);
			sourceTree = "<group>";
		};
		A02E069819C3D8AD0059235D /* Products */ = {
			isa = PBXGroup;
			children = (
				A02E069719C3D8AD0059235D /* JiaKeB.app */,
				A02E06B219C3D8AD0059235D /* JiaKeBTests.xctest */,
			);
			name = Products;
			sourceTree = "<group>";
		};
		A02E069919C3D8AD0059235D /* Frameworks */ = {
			isa = PBXGroup;
			children = (
				A02E069A19C3D8AD0059235D /* Foundation.framework */,
				A02E069C19C3D8AD0059235D /* CoreGraphics.framework */,
				A02E069E19C3D8AD0059235D /* UIKit.framework */,
				A02E06B319C3D8AD0059235D /* XCTest.framework */,
			);
			name = Frameworks;
			sourceTree = "<group>";
		};
		A02E06A019C3D8AD0059235D /* JiaKeB */ = {
			isa = PBXGroup;
			children = (
				A02E06A919C3D8AD0059235D /* AppDelegate.h */,
				A02E06AA19C3D8AD0059235D /* AppDelegate.m */,
				A02E06AC19C3D8AD0059235D /* Images.xcassets */,
				A02E06A119C3D8AD0059235D /* Supporting Files */,
			);
			path = JiaKeB;
			sourceTree = "<group>";
		};
		A02E06A119C3D8AD0059235D /* Supporting Files */ = {
			isa = PBXGroup;
			children = (
				A02E06A219C3D8AD0059235D /* JiaKeB-Info.plist */,
				A02E06A319C3D8AD0059235D /* InfoPlist.strings */,
				A02E06A619C3D8AD0059235D /* main.m */,
				A02E06A819C3D8AD0059235D /* JiaKeB-Prefix.pch */,
			);
			name = "Supporting Files";
			sourceTree = "<group>";
		};
		A02E06B919C3D8AD0059235D /* JiaKeBTests */ = {
			isa = PBXGroup;
			children = (
				A02E06BF19C3D8AD0059235D /* JiaKeBTests.m */,
				A02E06BA19C3D8AD0059235D /* Supporting Files */,
			);
			path = JiaKeBTests;
			sourceTree = "<group>";
		};
		A02E06BA19C3D8AD0059235D /* Supporting Files */ = {
			isa = PBXGroup;
			children = (
				A02E06BB19C3D8AD0059235D /* JiaKeBTests-Info.plist */,
				A02E06BC19C3D8AD0059235D /* InfoPlist.strings */,
			);
			name = "Supporting Files";
			sourceTree = "<group>";
		};
/* End PBXGroup section */

/* Begin PBXNativeTarget section */
		A02E069619C3D8AD0059235D /* JiaKeB */ = {
			isa = PBXNativeTarget;
			buildConfigurationList = A02E06C319C3D8AD0059235D /* Build configuration list for PBXNativeTarget "JiaKeB" */;
			buildPhases = (
				A02E069319C3D8AD0059235D /* Sources */,
				A02E069419C3D8AD0059235D /* Frameworks */,
				A02E069519C3D8AD0059235D /* Resources */,
			);
			buildRules = (
			);
			dependencies = (
			);
			name = JiaKeB;
			productName = JiaKeB;
			productReference = A02E069719C3D8AD0059235D /* JiaKeB.app */;
			productType = "com.apple.product-type.application";
		};
		A02E06B119C3D8AD0059235D /* JiaKeBTests */ = {
			isa = PBXNativeTarget;
			buildConfigurationList = A02E06C619C3D8AD0059235D /* Build configuration list for PBXNativeTarget "JiaKeBTests" */;
			buildPhases = (
				A02E06AE19C3D8AD0059235D /* Sources */,
				A02E06AF19C3D8AD0059235D /* Frameworks */,
				A02E06B019C3D8AD0059235D /* Resources */,
			);
			buildRules = (
			);
			dependencies = (
				A02E06B819C3D8AD0059235D /* PBXTargetDependency */,
			);
			name = JiaKeBTests;
			productName = JiaKeBTests;
			productReference = A02E06B219C3D8AD0059235D /* JiaKeBTests.xctest */;
			productType = "com.apple.product-type.bundle.unit-test";
		};
/* End PBXNativeTarget section */

/* Begin PBXProject section */
		A02E068F19C3D8AD0059235D /* Project object */ = {
			isa = PBXProject;
			attributes = {
				LastUpgradeCheck = 0510;
				ORGANIZATIONNAME = HgsZehong;
				TargetAttributes = {
					A02E06B119C3D8AD0059235D = {
						TestTargetID = A02E069619C3D8AD0059235D;
					};
				};
			};
			buildConfigurationList = A02E069219C3D8AD0059235D /* Build configuration list for PBXProject "JiaKeB" */;
			compatibilityVersion = "Xcode 3.2";
			developmentRegion = English;
			hasScannedForEncodings = 0;
			knownRegions = (
				en,
			);
			mainGroup = A02E068E19C3D8AD0059235D;
			productRefGroup = A02E069819C3D8AD0059235D /* Products */;
			projectDirPath = "";
			projectRoot = "";
			targets = (
				A02E069619C3D8AD0059235D /* JiaKeB */,
				A02E06B119C3D8AD0059235D /* JiaKeBTests */,
			);
		};
/* End PBXProject section */

/* Begin PBXResourcesBuildPhase section */
		A02E069519C3D8AD0059235D /* Resources */ = {
			isa = PBXResourcesBuildPhase;
			buildActionMask = 2147483647;
			files = (
				A02E06A519C3D8AD0059235D /* InfoPlist.strings in Resources */,
				A02E06AD19C3D8AD0059235D /* Images.xcassets in Resources */,
			);
			runOnlyForDeploymentPostprocessing = 0;
		};
		A02E06B019C3D8AD0059235D /* Resources */ = {
			isa = PBXResourcesBuildPhase;
			buildActionMask = 2147483647;
			files = (
				A02E06BE19C3D8AD0059235D /* InfoPlist.strings in Resources */,
			);
			runOnlyForDeploymentPostprocessing = 0;
		};
/* End PBXResourcesBuildPhase section */

/* Begin PBXSourcesBuildPhase section */
		A02E069319C3D8AD0059235D /* Sources */ = {
			isa = PBXSourcesBuildPhase;
			buildActionMask = 2147483647;
			files = (
				A02E06AB19C3D8AD0059235D /* AppDelegate.m in Sources */,
				A02E06A719C3D8AD0059235D /* main.m in Sources */,
			);
			runOnlyForDeploymentPostprocessing = 0;
		};
		A02E06AE19C3D8AD0059235D /* Sources */ = {
			isa = PBXSourcesBuildPhase;
			buildActionMask = 2147483647;
			files = (
				A02E06C019C3D8AD0059235D /* JiaKeBTests.m in Sources */,
			);
			runOnlyForDeploymentPostprocessing = 0;
		};
/* End PBXSourcesBuildPhase section */

/* Begin PBXTargetDependency section */
		A02E06B819C3D8AD0059235D /* PBXTargetDependency */ = {
			isa = PBXTargetDependency;
			target = A02E069619C3D8AD0059235D /* JiaKeB */;
			targetProxy = A02E06B719C3D8AD0059235D /* PBXContainerItemProxy */;
		};
/* End PBXTargetDependency section */

/* Begin PBXVariantGroup section */
		A02E06A319C3D8AD0059235D /* InfoPlist.strings */ = {
			isa = PBXVariantGroup;
			children = (
				A02E06A419C3D8AD0059235D /* en */,
			);
			name = InfoPlist.strings;
			sourceTree = "<group>";
		};
		A02E06BC19C3D8AD0059235D /* InfoPlist.strings */ = {
			isa = PBXVariantGroup;
			children = (
				A02E06BD19C3D8AD0059235D /* en */,
			);
			name = InfoPlist.strings;
			sourceTree = "<group>";
		};
/* End PBXVariantGroup section */

/* Begin XCBuildConfiguration section */
		A02E06C119C3D8AD0059235D /* Debug */ = {
			isa = XCBuildConfiguration;
			buildSettings = {
				ALWAYS_SEARCH_USER_PATHS = NO;
				CLANG_CXX_LANGUAGE_STANDARD = "gnu++0x";
				CLANG_CXX_LIBRARY = "libc++";
				CLANG_ENABLE_MODULES = YES;
				CLANG_ENABLE_OBJC_ARC = YES;
				CLANG_WARN_BOOL_CONVERSION = YES;
				CLANG_WARN_CONSTANT_CONVERSION = YES;
				CLANG_WARN_DIRECT_OBJC_ISA_USAGE = YES_ERROR;
				CLANG_WARN_EMPTY_BODY = YES;
				CLANG_WARN_ENUM_CONVERSION = YES;
				CLANG_WARN_INT_CONVERSION = YES;
				CLANG_WARN_OBJC_ROOT_CLASS = YES_ERROR;
				CLANG_WARN__DUPLICATE_METHOD_MATCH = YES;
				"CODE_SIGN_IDENTITY[sdk=iphoneos*]" = "iPhone Developer";
				COPY_PHASE_STRIP = NO;
				GCC_C_LANGUAGE_STANDARD = gnu99;
				GCC_DYNAMIC_NO_PIC = NO;
				GCC_OPTIMIZATION_LEVEL = 0;
				GCC_PREPROCESSOR_DEFINITIONS = (
					"DEBUG=1",
					"$(inherited)",
				);
				GCC_SYMBOLS_PRIVATE_EXTERN = NO;
				GCC_WARN_64_TO_32_BIT_CONVERSION = YES;
				GCC_WARN_ABOUT_RETURN_TYPE = YES_ERROR;
				GCC_WARN_UNDECLARED_SELECTOR = YES;
				GCC_WARN_UNINITIALIZED_AUTOS = YES_AGGRESSIVE;
				GCC_WARN_UNUSED_FUNCTION = YES;
				GCC_WARN_UNUSED_VARIABLE = YES;
				IPHONEOS_DEPLOYMENT_TARGET = 7.1;
				ONLY_ACTIVE_ARCH = YES;
				SDKROOT = iphoneos;
				TARGETED_DEVICE_FAMILY = "1,2";
			};
			name = Debug;
		};
		A02E06C219C3D8AD0059235D /* Release */ = {
			isa = XCBuildConfiguration;
			buildSettings = {
				ALWAYS_SEARCH_USER_PATHS = NO;
				CLANG_CXX_LANGUAGE_STANDARD = "gnu++0x";
				CLANG_CXX_LIBRARY = "libc++";
				CLANG_ENABLE_MODULES = YES;
				CLANG_ENABLE_OBJC_ARC = YES;
				CLANG_WARN_BOOL_CONVERSION = YES;
				CLANG_WARN_CONSTANT_CONVERSION = YES;
				CLANG_WARN_DIRECT_OBJC_ISA_USAGE = YES_ERROR;
				CLANG_WARN_EMPTY_BODY = YES;
				CLANG_WARN_ENUM_CONVERSION = YES;
				CLANG_WARN_INT_CONVERSION = YES;
				CLANG_WARN_OBJC_ROOT_CLASS = YES_ERROR;
				CLANG_WARN__DUPLICATE_METHOD_MATCH = YES;
				"CODE_SIGN_IDENTITY[sdk=iphoneos*]" = "iPhone Developer";
				COPY_PHASE_STRIP = YES;
				ENABLE_NS_ASSERTIONS = NO;
				GCC_C_LANGUAGE_STANDARD = gnu99;
				GCC_WARN_64_TO_32_BIT_CONVERSION = YES;
				GCC_WARN_ABOUT_RETURN_TYPE = YES_ERROR;
				GCC_WARN_UNDECLARED_SELECTOR = YES;
				GCC_WARN_UNINITIALIZED_AUTOS = YES_AGGRESSIVE;
				GCC_WARN_UNUSED_FUNCTION = YES;
				GCC_WARN_UNUSED_VARIABLE = YES;
				IPHONEOS_DEPLOYMENT_TARGET = 7.1;
				SDKROOT = iphoneos;
				TARGETED_DEVICE_FAMILY = "1,2";
				VALIDATE_PRODUCT = YES;
			};
			name = Release;
		};
		A02E06C419C3D8AD0059235D /* Debug */ = {
			isa = XCBuildConfiguration;
			buildSettings = {
				ASSETCATALOG_COMPILER_APPICON_NAME = AppIcon;
				ASSETCATALOG_COMPILER_LAUNCHIMAGE_NAME = LaunchImage;
				GCC_PRECOMPILE_PREFIX_HEADER = YES;
				GCC_PREFIX_HEADER = "JiaKeB/JiaKeB-Prefix.pch";
				INFOPLIST_FILE = "JiaKeB/JiaKeB-Info.plist";
				PRODUCT_NAME = "$(TARGET_NAME)";
				WRAPPER_EXTENSION = app;
			};
			name = Debug;
		};
		A02E06C519C3D8AD0059235D /* Release */ = {
			isa = XCBuildConfiguration;
			buildSettings = {
				ASSETCATALOG_COMPILER_APPICON_NAME = AppIcon;
				ASSETCATALOG_COMPILER_LAUNCHIMAGE_NAME = LaunchImage;
				GCC_PRECOMPILE_PREFIX_HEADER = YES;
				GCC_PREFIX_HEADER = "JiaKeB/JiaKeB-Prefix.pch";
				INFOPLIST_FILE = "JiaKeB/JiaKeB-Info.plist";
				PRODUCT_NAME = "$(TARGET_NAME)";
				WRAPPER_EXTENSION = app;
			};
			name = Release;
		};
		A02E06C719C3D8AD0059235D /* Debug */ = {
			isa = XCBuildConfiguration;
			buildSettings = {
				BUNDLE_LOADER = "$(BUILT_PRODUCTS_DIR)/JiaKeB.app/JiaKeB";
				FRAMEWORK_SEARCH_PATHS = (
					"$(SDKROOT)/Developer/Library/Frameworks",
					"$(inherited)",
					"$(DEVELOPER_FRAMEWORKS_DIR)",
				);
				GCC_PRECOMPILE_PREFIX_HEADER = YES;
				GCC_PREFIX_HEADER = "JiaKeB/JiaKeB-Prefix.pch";
				GCC_PREPROCESSOR_DEFINITIONS = (
					"DEBUG=1",
					"$(inherited)",
				);
				INFOPLIST_FILE = "JiaKeBTests/JiaKeBTests-Info.plist";
				PRODUCT_NAME = "$(TARGET_NAME)";
				TEST_HOST = "$(BUNDLE_LOADER)";
				WRAPPER_EXTENSION = xctest;
			};
			name = Debug;
		};
		A02E06C819C3D8AD0059235D /* Release */ = {
			isa = XCBuildConfiguration;
			buildSettings = {
				BUNDLE_LOADER = "$(BUILT_PRODUCTS_DIR)/JiaKeB.app/JiaKeB";
				FRAMEWORK_SEARCH_PATHS = (
					"$(SDKROOT)/Developer/Library/Frameworks",
					"$(inherited)",
					"$(DEVELOPER_FRAMEWORKS_DIR)",
				);
				GCC_PRECOMPILE_PREFIX_HEADER = YES;
				GCC_PREFIX_HEADER = "JiaKeB/JiaKeB-Prefix.pch";
				INFOPLIST_FILE = "JiaKeBTests/JiaKeBTests-Info.plist";
				PRODUCT_NAME = "$(TARGET_NAME)";
				TEST_HOST = "$(BUNDLE_LOADER)";
				WRAPPER_EXTENSION = xctest;
			};
			name = Release;
		};
/* End XCBuildConfiguration section */

/* Begin XCConfigurationList section */
		A02E069219C3D8AD0059235D /* Build configuration list for PBXProject "JiaKeB" */ = {
			isa = XCConfigurationList;
			buildConfigurations = (
				A02E06C119C3D8AD0059235D /* Debug */,
				A02E06C219C3D8AD0059235D /* Release */,
			);
			defaultConfigurationIsVisible = 0;
			defaultConfigurationName = Release;
		};
		A02E06C319C3D8AD0059235D /* Build configuration list for PBXNativeTarget "JiaKeB" */ = {
			isa = XCConfigurationList;
			buildConfigurations = (
				A02E06C419C3D8AD0059235D /* Debug */,
				A02E06C519C3D8AD0059235D /* Release */,
			);
			defaultConfigurationIsVisible = 0;
		};
		A02E06C619C3D8AD0059235D /* Build configuration list for PBXNativeTarget "JiaKeBTests" */ = {
			isa = XCConfigurationList;
			buildConfigurations = (
				A02E06C719C3D8AD0059235D /* Debug */,
				A02E06C819C3D8AD0059235D /* Release */,
			);
			defaultConfigurationIsVisible = 0;
		};
/* End XCConfigurationList section */
	};
	rootObject = A02E068F19C3D8AD0059235D /* Project object */;
}
